<?xml version="1.0" encoding="utf-8"?>
<Project ToolsVersion="4.0" xmlns="http://schemas.microsoft.com/developer/msbuild/2003">
  <ItemGroup>
    <Filter Include="Source Files">
      <UniqueIdentifier>{4FC737F1-C7A5-4376-A066-2A32D752A2FF}</UniqueIdentifier>
      <Extensions>cpp;c;cc;cxx;def;odl;idl;hpj;bat;asm;asmx</Extensions>
    </Filter>
    <Filter Include="Header Files">
      <UniqueIdentifier>{93995380-89BD-4b04-88EB-625FBE52EBFB}</UniqueIdentifier>
      <Extensions>h;hh;hpp;hxx;hm;inl;inc;xsd</Extensions>
    </Filter>
    <Filter Include="Resource Files">
      <UniqueIdentifier>{67DA6AB6-F800-4c08-8B7A-83BB121AAD01}</UniqueIdentifier>
      <Extensions>rc;ico;cur;bmp;dlg;rc2;rct;bin;rgs;gif;jpg;jpeg;jpe;resx;tiff;tif;png;wav;mfcribbon-ms</Extensions>
    </Filter>
    <Filter Include="Source Files\Engine">
      <UniqueIdentifier>{3cd22de8-9b25-4a05-9d14-77b528bbbd3c}</UniqueIdentifier>
    </Filter>
    <Filter Include="Source Files\Engine\Window">
      <UniqueIdentifier>{66c39095-683e-47e3-8ac3-76c18cb1e7e3}</UniqueIdentifier>
    </Filter>
    <Filter Include="Source Files\Engine\Renderer">
      <UniqueIdentifier>{c3b81a92-691c-41e0-999f-119d3d4683f4}</UniqueIdentifier>
    </Filter>
    <Filter Include="Source Files\Utils">
      <UniqueIdentifier>{28bb6eab-daff-4754-868a-994c60b110b9}</UniqueIdentifier>
    </Filter>
    <Filter Include="Source Files\Utils\Logger">
      <UniqueIdentifier>{ecbbf487-3571-4699-9877-e0d097ec60ea}</UniqueIdentifier>
    </Filter>
  </ItemGroup>
  <ItemGroup>
    <ClCompile Include="tactical\utils\Logger.cpp">
      <Filter>Source Files\Utils\Logger</Filter>
    </ClCompile>
    <ClCompile Include="tactical\window\Window.cpp">
      <Filter>Source Files\Engine\Window</Filter>
    </ClCompile>
    <ClCompile Include="main.cpp">
      <Filter>Source Files</Filter>
    </ClCompile>
    <ClCompile Include="tactical\window\EventHandler.cpp">
      <Filter>Source Files</Filter>
    </ClCompile>
    <ClCompile Include="tactical\render\structures\Shader.cpp">
      <Filter>Source Files</Filter>
    </ClCompile>
    <ClCompile Include="tactical\render\buffer\Buffer.cpp">
      <Filter>Source Files</Filter>
    </ClCompile>
    <ClCompile Include="tactical\render\buffer\IndexBuffer.cpp">
      <Filter>Source Files</Filter>
    </ClCompile>
    <ClCompile Include="tactical\render\buffer\VertexArray.cpp">
      <Filter>Source Files</Filter>
    </ClCompile>
    <ClCompile Include="tactical\render\IRenderable2D.cpp">
      <Filter>Source Files</Filter>
    </ClCompile>
    <ClCompile Include="tactical\volume\Voxel.cpp">
      <Filter>Source Files</Filter>
    </ClCompile>
    <ClCompile Include="tactical\volume\Chunk.cpp">
      <Filter>Source Files</Filter>
    </ClCompile>
    <ClCompile Include="tactical\render\camera\Camera.cpp">
      <Filter>Source Files</Filter>
    </ClCompile>
    <ClCompile Include="tactical\render\camera\FPSCamera.cpp">
      <Filter>Source Files</Filter>
    </ClCompile>
    <ClCompile Include="tactical\render\geometry\Geometry.cpp">
      <Filter>Source Files</Filter>
    </ClCompile>
    <ClCompile Include="tactical\math\AABB.cpp">
      <Filter>Source Files</Filter>
    </ClCompile>
    <ClCompile Include="tactical\math\Ray.cpp">
      <Filter>Source Files</Filter>
    </ClCompile>
    <ClCompile Include="tactical\math\Plane.cpp">
      <Filter>Source Files</Filter>
    </ClCompile>
    <ClCompile Include="tactical\math\Frustum.cpp">
      <Filter>Source Files</Filter>
    </ClCompile>
    <ClCompile Include="tactical\volume\ChunkManager.cpp">
      <Filter>Source Files</Filter>
    </ClCompile>
    <ClCompile Include="tactical\math\noise\latlon.cpp">
      <Filter>Source Files</Filter>
    </ClCompile>
    <ClCompile Include="tactical\math\noise\noisegen.cpp">
      <Filter>Source Files</Filter>
    </ClCompile>
    <ClCompile Include="tactical\math\noise\module\add.cpp">
      <Filter>Source Files</Filter>
    </ClCompile>
    <ClCompile Include="tactical\math\noise\module\abs.cpp">
      <Filter>Source Files</Filter>
    </ClCompile>
    <ClCompile Include="tactical\math\noise\module\billow.cpp">
      <Filter>Source Files</Filter>
    </ClCompile>
    <ClCompile Include="tactical\math\noise\module\blend.cpp">
      <Filter>Source Files</Filter>
    </ClCompile>
    <ClCompile Include="tactical\math\noise\module\cache.cpp">
      <Filter>Source Files</Filter>
    </ClCompile>
    <ClCompile Include="tactical\math\noise\module\checkerboard.cpp">
      <Filter>Source Files</Filter>
    </ClCompile>
    <ClCompile Include="tactical\math\noise\module\clamp.cpp">
      <Filter>Source Files</Filter>
    </ClCompile>
    <ClCompile Include="tactical\math\noise\module\const.cpp">
      <Filter>Source Files</Filter>
    </ClCompile>
    <ClCompile Include="tactical\math\noise\module\curve.cpp">
      <Filter>Source Files</Filter>
    </ClCompile>
    <ClCompile Include="tactical\math\noise\module\cylinders.cpp">
      <Filter>Source Files</Filter>
    </ClCompile>
    <ClCompile Include="tactical\math\noise\module\displace.cpp">
      <Filter>Source Files</Filter>
    </ClCompile>
    <ClCompile Include="tactical\math\noise\module\exponent.cpp">
      <Filter>Source Files</Filter>
    </ClCompile>
    <ClCompile Include="tactical\math\noise\module\invert.cpp">
      <Filter>Source Files</Filter>
    </ClCompile>
    <ClCompile Include="tactical\math\noise\module\max.cpp">
      <Filter>Source Files</Filter>
    </ClCompile>
    <ClCompile Include="tactical\math\noise\module\min.cpp">
      <Filter>Source Files</Filter>
    </ClCompile>
    <ClCompile Include="tactical\math\noise\module\modulebase.cpp">
      <Filter>Source Files</Filter>
    </ClCompile>
    <ClCompile Include="tactical\math\noise\module\multiply.cpp">
      <Filter>Source Files</Filter>
    </ClCompile>
    <ClCompile Include="tactical\math\noise\module\perlin.cpp">
      <Filter>Source Files</Filter>
    </ClCompile>
    <ClCompile Include="tactical\math\noise\module\power.cpp">
      <Filter>Source Files</Filter>
    </ClCompile>
    <ClCompile Include="tactical\math\noise\module\ridgedmulti.cpp">
      <Filter>Source Files</Filter>
    </ClCompile>
    <ClCompile Include="tactical\math\noise\module\rotatepoint.cpp">
      <Filter>Source Files</Filter>
    </ClCompile>
    <ClCompile Include="tactical\math\noise\module\scalebias.cpp">
      <Filter>Source Files</Filter>
    </ClCompile>
    <ClCompile Include="tactical\math\noise\module\scalepoint.cpp">
      <Filter>Source Files</Filter>
    </ClCompile>
    <ClCompile Include="tactical\math\noise\module\select.cpp">
      <Filter>Source Files</Filter>
    </ClCompile>
    <ClCompile Include="tactical\math\noise\module\spheres.cpp">
      <Filter>Source Files</Filter>
    </ClCompile>
    <ClCompile Include="tactical\math\noise\module\terrace.cpp">
      <Filter>Source Files</Filter>
    </ClCompile>
    <ClCompile Include="tactical\math\noise\module\translatepoint.cpp">
      <Filter>Source Files</Filter>
    </ClCompile>
    <ClCompile Include="tactical\math\noise\module\turbulence.cpp">
      <Filter>Source Files</Filter>
    </ClCompile>
    <ClCompile Include="tactical\math\noise\module\voronoi.cpp">
      <Filter>Source Files</Filter>
    </ClCompile>
    <ClCompile Include="tactical\math\noise\model\cylinder.cpp">
      <Filter>Source Files</Filter>
    </ClCompile>
    <ClCompile Include="tactical\math\noise\model\line.cpp">
      <Filter>Source Files</Filter>
    </ClCompile>
    <ClCompile Include="tactical\math\noise\model\plane.cpp">
      <Filter>Source Files</Filter>
    </ClCompile>
    <ClCompile Include="tactical\math\noise\model\sphere.cpp">
      <Filter>Source Files</Filter>
    </ClCompile>
    <ClCompile Include="tactical\math\noise\noiseutils.cpp">
      <Filter>Source Files</Filter>
    </ClCompile>
    <ClCompile Include="tactical\render\Renderer.cpp">
      <Filter>Source Files</Filter>
    </ClCompile>
    <ClCompile Include="tactical\render\geometry\DrawableBox.cpp">
      <Filter>Source Files</Filter>
    </ClCompile>
    <ClCompile Include="tactical\render\buffer\Framebuffer.cpp">
      <Filter>Source Files</Filter>
    </ClCompile>
    <ClCompile Include="tactical\render\buffer\GBuffer.cpp">
      <Filter>Source Files</Filter>
    </ClCompile>
    <ClCompile Include="tactical\utils\debug\Helpers.cpp">
      <Filter>Source Files</Filter>
    </ClCompile>
  </ItemGroup>
  <ItemGroup>
    <ClInclude Include="tactical\utils\Logger.h">
      <Filter>Source Files\Utils\Logger</Filter>
    </ClInclude>
    <ClInclude Include="tactical\utils\Utils.h">
      <Filter>Source Files\Utils</Filter>
    </ClInclude>
    <ClInclude Include="tactical\window\Window.h">
      <Filter>Source Files\Engine\Window</Filter>
    </ClInclude>
    <ClInclude Include="tactical\Common.h">
      <Filter>Source Files</Filter>
    </ClInclude>
    <ClInclude Include="tactical\Engine.h">
      <Filter>Source Files\Engine</Filter>
    </ClInclude>
    <ClInclude Include="tactical\window\EventHandler.h">
      <Filter>Header Files</Filter>
    </ClInclude>
    <ClInclude Include="tactical\utils\fileutils.h">
      <Filter>Header Files</Filter>
    </ClInclude>
    <ClInclude Include="tactical\render\structures\Shader.h">
      <Filter>Header Files</Filter>
    </ClInclude>
    <ClInclude Include="tactical\utils\stringutils.h">
      <Filter>Header Files</Filter>
    </ClInclude>
    <ClInclude Include="tactical\render\IRenderable2D.h">
      <Filter>Header Files</Filter>
    </ClInclude>
    <ClInclude Include="tactical\render\buffer\Buffer.h">
      <Filter>Header Files</Filter>
    </ClInclude>
    <ClInclude Include="tactical\render\buffer\IndexBuffer.h">
      <Filter>Header Files</Filter>
    </ClInclude>
    <ClInclude Include="tactical\render\buffer\VertexArray.h">
      <Filter>Header Files</Filter>
    </ClInclude>
    <ClInclude Include="tactical\render\structures\Vertex.h">
      <Filter>Header Files</Filter>
    </ClInclude>
    <ClInclude Include="tactical\volume\Voxel.h">
      <Filter>Header Files</Filter>
    </ClInclude>
    <ClInclude Include="tactical\render\buffer\VertexAttribute.h">
      <Filter>Header Files</Filter>
    </ClInclude>
    <ClInclude Include="tactical\Types.h">
      <Filter>Header Files</Filter>
    </ClInclude>
    <ClInclude Include="tactical\volume\Chunk.h">
      <Filter>Header Files</Filter>
    </ClInclude>
    <ClInclude Include="tactical\render\camera\Camera.h">
      <Filter>Header Files</Filter>
    </ClInclude>
    <ClInclude Include="tactical\render\camera\FPSCamera.h">
      <Filter>Header Files</Filter>
    </ClInclude>
    <ClInclude Include="tactical\render\IRenderable3D.h">
      <Filter>Header Files</Filter>
    </ClInclude>
    <ClInclude Include="tactical\render\structures\Mesh.h">
      <Filter>Header Files</Filter>
    </ClInclude>
    <ClInclude Include="tactical\render\geometry\Geometry.h">
      <Filter>Header Files</Filter>
    </ClInclude>
    <ClInclude Include="tactical\math\AABB.h">
      <Filter>Header Files</Filter>
    </ClInclude>
    <ClInclude Include="tactical\volume\ChunkManager.h">
      <Filter>Header Files</Filter>
    </ClInclude>
    <ClInclude Include="tactical\math\Math.h">
      <Filter>Header Files</Filter>
    </ClInclude>
    <ClInclude Include="tactical\math\Ray.h">
      <Filter>Header Files</Filter>
    </ClInclude>
    <ClInclude Include="tactical\math\Sphere.h">
      <Filter>Header Files</Filter>
    </ClInclude>
    <ClInclude Include="tactical\math\Plane.h">
      <Filter>Header Files</Filter>
    </ClInclude>
    <ClInclude Include="tactical\math\Frustum.h">
      <Filter>Header Files</Filter>
    </ClInclude>
    <ClInclude Include="tactical\math\noise\basictypes.h">
      <Filter>Header Files</Filter>
    </ClInclude>
    <ClInclude Include="tactical\math\noise\exception.h">
      <Filter>Header Files</Filter>
    </ClInclude>
    <ClInclude Include="tactical\math\noise\interp.h">
      <Filter>Header Files</Filter>
    </ClInclude>
    <ClInclude Include="tactical\math\noise\latlon.h">
      <Filter>Header Files</Filter>
    </ClInclude>
    <ClInclude Include="tactical\math\noise\mathconsts.h">
      <Filter>Header Files</Filter>
    </ClInclude>
    <ClInclude Include="tactical\math\noise\misc.h">
      <Filter>Header Files</Filter>
    </ClInclude>
    <ClInclude Include="tactical\math\noise\noise.h">
      <Filter>Header Files</Filter>
    </ClInclude>
    <ClInclude Include="tactical\math\noise\noisegen.h">
      <Filter>Header Files</Filter>
    </ClInclude>
    <ClInclude Include="tactical\math\noise\vectortable.h">
      <Filter>Header Files</Filter>
    </ClInclude>
    <ClInclude Include="tactical\math\noise\module\abs.h">
      <Filter>Header Files</Filter>
    </ClInclude>
    <ClInclude Include="tactical\math\noise\module\add.h">
      <Filter>Header Files</Filter>
    </ClInclude>
    <ClInclude Include="tactical\math\noise\module\billow.h">
      <Filter>Header Files</Filter>
    </ClInclude>
    <ClInclude Include="tactical\math\noise\module\blend.h">
      <Filter>Header Files</Filter>
    </ClInclude>
    <ClInclude Include="tactical\math\noise\module\cache.h">
      <Filter>Header Files</Filter>
    </ClInclude>
    <ClInclude Include="tactical\math\noise\module\checkerboard.h">
      <Filter>Header Files</Filter>
    </ClInclude>
    <ClInclude Include="tactical\math\noise\module\clamp.h">
      <Filter>Header Files</Filter>
    </ClInclude>
    <ClInclude Include="tactical\math\noise\module\const.h">
      <Filter>Header Files</Filter>
    </ClInclude>
    <ClInclude Include="tactical\math\noise\module\curve.h">
      <Filter>Header Files</Filter>
    </ClInclude>
    <ClInclude Include="tactical\math\noise\module\cylinders.h">
      <Filter>Header Files</Filter>
    </ClInclude>
    <ClInclude Include="tactical\math\noise\module\displace.h">
      <Filter>Header Files</Filter>
    </ClInclude>
    <ClInclude Include="tactical\math\noise\module\exponent.h">
      <Filter>Header Files</Filter>
    </ClInclude>
    <ClInclude Include="tactical\math\noise\module\invert.h">
      <Filter>Header Files</Filter>
    </ClInclude>
    <ClInclude Include="tactical\math\noise\module\max.h">
      <Filter>Header Files</Filter>
    </ClInclude>
    <ClInclude Include="tactical\math\noise\module\min.h">
      <Filter>Header Files</Filter>
    </ClInclude>
    <ClInclude Include="tactical\math\noise\module\module.h">
      <Filter>Header Files</Filter>
    </ClInclude>
    <ClInclude Include="tactical\math\noise\module\modulebase.h">
      <Filter>Header Files</Filter>
    </ClInclude>
    <ClInclude Include="tactical\math\noise\module\multiply.h">
      <Filter>Header Files</Filter>
    </ClInclude>
    <ClInclude Include="tactical\math\noise\module\perlin.h">
      <Filter>Header Files</Filter>
    </ClInclude>
    <ClInclude Include="tactical\math\noise\module\power.h">
      <Filter>Header Files</Filter>
    </ClInclude>
    <ClInclude Include="tactical\math\noise\module\ridgedmulti.h">
      <Filter>Header Files</Filter>
    </ClInclude>
    <ClInclude Include="tactical\math\noise\module\rotatepoint.h">
      <Filter>Header Files</Filter>
    </ClInclude>
    <ClInclude Include="tactical\math\noise\module\scalebias.h">
      <Filter>Header Files</Filter>
    </ClInclude>
    <ClInclude Include="tactical\math\noise\module\scalepoint.h">
      <Filter>Header Files</Filter>
    </ClInclude>
    <ClInclude Include="tactical\math\noise\module\select.h">
      <Filter>Header Files</Filter>
    </ClInclude>
    <ClInclude Include="tactical\math\noise\module\spheres.h">
      <Filter>Header Files</Filter>
    </ClInclude>
    <ClInclude Include="tactical\math\noise\module\terrace.h">
      <Filter>Header Files</Filter>
    </ClInclude>
    <ClInclude Include="tactical\math\noise\module\translatepoint.h">
      <Filter>Header Files</Filter>
    </ClInclude>
    <ClInclude Include="tactical\math\noise\module\turbulence.h">
      <Filter>Header Files</Filter>
    </ClInclude>
    <ClInclude Include="tactical\math\noise\module\voronoi.h">
      <Filter>Header Files</Filter>
    </ClInclude>
    <ClInclude Include="tactical\math\noise\model\cylinder.h">
      <Filter>Header Files</Filter>
    </ClInclude>
    <ClInclude Include="tactical\math\noise\model\line.h">
      <Filter>Header Files</Filter>
    </ClInclude>
    <ClInclude Include="tactical\math\noise\model\model.h">
      <Filter>Header Files</Filter>
    </ClInclude>
    <ClInclude Include="tactical\math\noise\model\plane.h">
      <Filter>Header Files</Filter>
    </ClInclude>
    <ClInclude Include="tactical\math\noise\model\sphere.h">
      <Filter>Header Files</Filter>
    </ClInclude>
    <ClInclude Include="tactical\math\noise\noiseutils.h">
      <Filter>Header Files</Filter>
    </ClInclude>
    <ClInclude Include="tactical\render\Renderer.h">
      <Filter>Header Files</Filter>
    </ClInclude>
    <ClInclude Include="tactical\render\geometry\DrawableBox.h">
      <Filter>Header Files</Filter>
    </ClInclude>
    <ClInclude Include="tactical\math\Picking.h">
      <Filter>Header Files</Filter>
    </ClInclude>
    <ClInclude Include="tactical\render\buffer\Framebuffer.h">
      <Filter>Header Files</Filter>
    </ClInclude>
    <ClInclude Include="tactical\render\buffer\GBuffer.h">
      <Filter>Header Files</Filter>
    </ClInclude>
    <ClInclude Include="tactical\render\structures\Light.h">
      <Filter>Header Files</Filter>
    </ClInclude>
    <ClInclude Include="tactical\volume\mesher\ChunkMesher.hpp">
      <Filter>Header Files</Filter>
    </ClInclude>
    <ClInclude Include="tactical\utils\debug\Helpers.h">
      <Filter>Header Files</Filter>
    </ClInclude>
  </ItemGroup>
  <ItemGroup>
    <None Include="shaders\vertex.glsl" />
    <None Include="shaders\frag.glsl" />
    <None Include="shaders\normal_geom.glsl" />
    <None Include="shaders\normal_vertex.glsl" />
    <None Include="shaders\normal_frag.glsl" />
    <None Include="shaders\picking_vert.glsl" />
    <None Include="shaders\picking_frag.glsl" />
  </ItemGroup>
</Project>